
Microsoft Visual Studio Solution File, Format Version 12.00
# Visual Studio Version 17
VisualStudioVersion = 17.8.34330.188
MinimumVisualStudioVersion = 10.0.40219.1
Project("{9A19103F-16F7-4668-BE54-9A1E7A4F7556}") = "BugNotificationIntegrator", "BugNotificationIntegrator\BugNotificationIntegrator.csproj", "{185036DA-2018-4EA4-AFA9-7716A5EF30FA}"
EndProject
Project("{FAE04EC0-301F-11D3-BF4B-00C04F79EFBC}") = "PTORepot.TimerTrigger", "PTORepot.TimerTrigger\PTORepot.TimerTrigger.csproj", "{3D2ECA6E-5B48-4B02-B281-B7991BAAF8CF}"
EndProject
Global
	GlobalSection(SolutionConfigurationPlatforms) = preSolution
		Debug|Any CPU = Debug|Any CPU
		Release|Any CPU = Release|Any CPU
	EndGlobalSection
	GlobalSection(ProjectConfigurationPlatforms) = postSolution
		{185036DA-2018-4EA4-AFA9-7716A5EF30FA}.Debug|Any CPU.ActiveCfg = Debug|Any CPU
		{185036DA-2018-4EA4-AFA9-7716A5EF30FA}.Debug|Any CPU.Build.0 = Debug|Any CPU
		{185036DA-2018-4EA4-AFA9-7716A5EF30FA}.Release|Any CPU.ActiveCfg = Release|Any CPU
		{185036DA-2018-4EA4-AFA9-7716A5EF30FA}.Release|Any CPU.Build.0 = Release|Any CPU
		{3D2ECA6E-5B48-4B02-B281-B7991BAAF8CF}.Debug|Any CPU.ActiveCfg = Debug|Any CPU
		{3D2ECA6E-5B48-4B02-B281-B7991BAAF8CF}.Debug|Any CPU.Build.0 = Debug|Any CPU
		{3D2ECA6E-5B48-4B02-B281-B7991BAAF8CF}.Release|Any CPU.ActiveCfg = Release|Any CPU
		{3D2ECA6E-5B48-4B02-B281-B7991BAAF8CF}.Release|Any CPU.Build.0 = Release|Any CPU
	EndGlobalSection
	GlobalSection(SolutionProperties) = preSolution
		HideSolutionNode = FALSE
	EndGlobalSection
	GlobalSection(ExtensibilityGlobals) = postSolution
		SolutionGuid = {8D07CA59-74A2-4758-8AAF-6A94FFBB8BDE}
	EndGlobalSection
EndGlobal
